{
  "requires": true,
  "lockfileVersion": 1,
  "dependencies": {
    "@svgdotjs/svg.draggable.js": {
      "version": "3.0.2",
      "resolved": "https://registry.npmjs.org/@svgdotjs/svg.draggable.js/-/svg.draggable.js-3.0.2.tgz",
      "integrity": "sha512-yqCJe/w1q3IK51zRiqB42rsvQHyX5oqg/Eck02TDRhRv+pQ7sSHJfdyljiGkqoFW4i/1sIpnqYmiLDeM12Nhsw==",
      "requires": {
        "@svgdotjs/svg.js": "^3.0.10"
      }
    },
    "@svgdotjs/svg.js": {
      "version": "3.0.16",
      "resolved": "https://registry.npmjs.org/@svgdotjs/svg.js/-/svg.js-3.0.16.tgz",
      "integrity": "sha512-yZ4jfP/SeLHEnCi9PIrzienKCrA4vW9+jm5uUV3N5DG2e9zgXLY5FgywK2u8/gMFIeKO0HuqTLFFfWJj+MfMLA=="
    },
    "@svgdotjs/svg.panzoom.js": {
      "version": "2.1.1",
      "resolved": "https://registry.npmjs.org/@svgdotjs/svg.panzoom.js/-/svg.panzoom.js-2.1.1.tgz",
      "integrity": "sha512-fsGP+i64jcpaG1UXOmNDUWq2ZLpiMf+EwfHZn5NNnYp5K7J2gk96NcPhzMtgmCUZtu61Ro8Z5D2P3RdzBzpc3g==",
      "requires": {
        "@svgdotjs/svg.js": "^3.0.16"
      }
    }
  }
}
